Microsoft Visual Studio Solution File, Format Version 8.00
Project("{8BC9CEB8-8B4A-11D0-8D11-00A0C91BC942}") = "antlr", "src\external\antlr\antlr.vcproj", "{30FF0C9A-08EC-4832-8F20-196543F9198B}"
	ProjectSection(ProjectDependencies) = postProject
		{D6D2D28C-1D25-4D6E-B0DA-F374EED4BEFA} = {D6D2D28C-1D25-4D6E-B0DA-F374EED4BEFA}
	EndProjectSection
EndProject
Project("{8BC9CEB8-8B4A-11D0-8D11-00A0C91BC942}") = "boost_regex", "src\external\boost_regex\boost_regex.vcproj", "{912EAE69-2694-482C-97AB-6DE648861C9D}"
	ProjectSection(ProjectDependencies) = postProject
		{D6D2D28C-1D25-4D6E-B0DA-F374EED4BEFA} = {D6D2D28C-1D25-4D6E-B0DA-F374EED4BEFA}
	EndProjectSection
EndProject
Project("{8BC9CEB8-8B4A-11D0-8D11-00A0C91BC942}") = "stlport", "src\external\stlport\stlport.vcproj", "{D6D2D28C-1D25-4D6E-B0DA-F374EED4BEFA}"
	ProjectSection(ProjectDependencies) = postProject
	EndProjectSection
EndProject
Project("{8BC9CEB8-8B4A-11D0-8D11-00A0C91BC942}") = "zlib", "src\external\zlib\zlib.vcproj", "{58B11D74-86FF-40D3-82D3-836236CC08E7}"
	ProjectSection(ProjectDependencies) = postProject
		{D6D2D28C-1D25-4D6E-B0DA-F374EED4BEFA} = {D6D2D28C-1D25-4D6E-B0DA-F374EED4BEFA}
	EndProjectSection
EndProject
Project("{8BC9CEB8-8B4A-11D0-8D11-00A0C91BC942}") = "mll_core", "src\shared\mll_core\mll_core.vcproj", "{B4F4C07D-7063-411C-AA82-2D260CDBD7CF}"
	ProjectSection(ProjectDependencies) = postProject
		{D6D2D28C-1D25-4D6E-B0DA-F374EED4BEFA} = {D6D2D28C-1D25-4D6E-B0DA-F374EED4BEFA}
	EndProjectSection
EndProject
Project("{8BC9CEB8-8B4A-11D0-8D11-00A0C91BC942}") = "mll_fs", "src\shared\mll_fs\mll_fs.vcproj", "{C253DB24-B219-4BC9-9367-C7F40B803AA4}"
	ProjectSection(ProjectDependencies) = postProject
		{912EAE69-2694-482C-97AB-6DE648861C9D} = {912EAE69-2694-482C-97AB-6DE648861C9D}
		{58B11D74-86FF-40D3-82D3-836236CC08E7} = {58B11D74-86FF-40D3-82D3-836236CC08E7}
		{B4F4C07D-7063-411C-AA82-2D260CDBD7CF} = {B4F4C07D-7063-411C-AA82-2D260CDBD7CF}
		{D6D2D28C-1D25-4D6E-B0DA-F374EED4BEFA} = {D6D2D28C-1D25-4D6E-B0DA-F374EED4BEFA}
	EndProjectSection
EndProject
Project("{8BC9CEB8-8B4A-11D0-8D11-00A0C91BC942}") = "mutual", "src\shared\mutual\mutual.vcproj", "{8D4058E5-11B3-4002-8426-C62402FE8CA0}"
	ProjectSection(ProjectDependencies) = postProject
		{B4F4C07D-7063-411C-AA82-2D260CDBD7CF} = {B4F4C07D-7063-411C-AA82-2D260CDBD7CF}
		{D6D2D28C-1D25-4D6E-B0DA-F374EED4BEFA} = {D6D2D28C-1D25-4D6E-B0DA-F374EED4BEFA}
	EndProjectSection
EndProject
Project("{8BC9CEB8-8B4A-11D0-8D11-00A0C91BC942}") = "Storage", "src\shared\storage\Storage.vcproj", "{308FF35E-614D-436D-A1EF-F72B4D35E90B}"
	ProjectSection(ProjectDependencies) = postProject
		{C253DB24-B219-4BC9-9367-C7F40B803AA4} = {C253DB24-B219-4BC9-9367-C7F40B803AA4}
		{D6D2D28C-1D25-4D6E-B0DA-F374EED4BEFA} = {D6D2D28C-1D25-4D6E-B0DA-F374EED4BEFA}
		{8D4058E5-11B3-4002-8426-C62402FE8CA0} = {8D4058E5-11B3-4002-8426-C62402FE8CA0}
	EndProjectSection
EndProject
Project("{8BC9CEB8-8B4A-11D0-8D11-00A0C91BC942}") = "vis", "src\shared\vis\vis.vcproj", "{62A038DC-A2A7-4F1C-8565-0817CBA71FD5}"
	ProjectSection(ProjectDependencies) = postProject
		{308FF35E-614D-436D-A1EF-F72B4D35E90B} = {308FF35E-614D-436D-A1EF-F72B4D35E90B}
		{B4F4C07D-7063-411C-AA82-2D260CDBD7CF} = {B4F4C07D-7063-411C-AA82-2D260CDBD7CF}
		{D6D2D28C-1D25-4D6E-B0DA-F374EED4BEFA} = {D6D2D28C-1D25-4D6E-B0DA-F374EED4BEFA}
		{8D4058E5-11B3-4002-8426-C62402FE8CA0} = {8D4058E5-11B3-4002-8426-C62402FE8CA0}
	EndProjectSection
EndProject
Project("{8BC9CEB8-8B4A-11D0-8D11-00A0C91BC942}") = "vis_mesh", "src\shared\vis\vis_mesh.vcproj", "{1527BF68-7A11-40FE-996D-5E025378471C}"
	ProjectSection(ProjectDependencies) = postProject
		{C253DB24-B219-4BC9-9367-C7F40B803AA4} = {C253DB24-B219-4BC9-9367-C7F40B803AA4}
		{308FF35E-614D-436D-A1EF-F72B4D35E90B} = {308FF35E-614D-436D-A1EF-F72B4D35E90B}
		{B4F4C07D-7063-411C-AA82-2D260CDBD7CF} = {B4F4C07D-7063-411C-AA82-2D260CDBD7CF}
		{D6D2D28C-1D25-4D6E-B0DA-F374EED4BEFA} = {D6D2D28C-1D25-4D6E-B0DA-F374EED4BEFA}
		{62A038DC-A2A7-4F1C-8565-0817CBA71FD5} = {62A038DC-A2A7-4F1C-8565-0817CBA71FD5}
		{8D4058E5-11B3-4002-8426-C62402FE8CA0} = {8D4058E5-11B3-4002-8426-C62402FE8CA0}
	EndProjectSection
EndProject
Project("{8BC9CEB8-8B4A-11D0-8D11-00A0C91BC942}") = "common", "src\pol\common\common.vcproj", "{D4980EF7-0E42-4EF6-A3E3-6CF047EE1C19}"
	ProjectSection(ProjectDependencies) = postProject
		{B4F4C07D-7063-411C-AA82-2D260CDBD7CF} = {B4F4C07D-7063-411C-AA82-2D260CDBD7CF}
		{D6D2D28C-1D25-4D6E-B0DA-F374EED4BEFA} = {D6D2D28C-1D25-4D6E-B0DA-F374EED4BEFA}
	EndProjectSection
EndProject
Project("{8BC9CEB8-8B4A-11D0-8D11-00A0C91BC942}") = "CryptMark", "src\pol\cryptmark\CryptMark.vcproj", "{9E47B42E-C4F5-4EE1-80A3-8E7DE54FA8E0}"
	ProjectSection(ProjectDependencies) = postProject
	EndProjectSection
EndProject
Project("{8BC9CEB8-8B4A-11D0-8D11-00A0C91BC942}") = "logic2", "src\pol\logic2\logic2.vcproj", "{3281A6DF-067D-43C6-9214-5D2D7CD5B198}"
	ProjectSection(ProjectDependencies) = postProject
		{D4980EF7-0E42-4EF6-A3E3-6CF047EE1C19} = {D4980EF7-0E42-4EF6-A3E3-6CF047EE1C19}
	EndProjectSection
EndProject
Project("{8BC9CEB8-8B4A-11D0-8D11-00A0C91BC942}") = "logic_ex", "src\pol\logic_ex\logic_ex.vcproj", "{24E32E31-23CB-4FE4-8B0A-731E88FB6AC7}"
	ProjectSection(ProjectDependencies) = postProject
		{B4F4C07D-7063-411C-AA82-2D260CDBD7CF} = {B4F4C07D-7063-411C-AA82-2D260CDBD7CF}
		{D6D2D28C-1D25-4D6E-B0DA-F374EED4BEFA} = {D6D2D28C-1D25-4D6E-B0DA-F374EED4BEFA}
		{30FF0C9A-08EC-4832-8F20-196543F9198B} = {30FF0C9A-08EC-4832-8F20-196543F9198B}
		{8D4058E5-11B3-4002-8426-C62402FE8CA0} = {8D4058E5-11B3-4002-8426-C62402FE8CA0}
	EndProjectSection
EndProject
Project("{8BC9CEB8-8B4A-11D0-8D11-00A0C91BC942}") = "pccts", "src\pol\pccts\pccts.vcproj", "{6E041DB8-D93E-4893-9FD6-024E9747A09F}"
	ProjectSection(ProjectDependencies) = postProject
	EndProjectSection
EndProject
Project("{8BC9CEB8-8B4A-11D0-8D11-00A0C91BC942}") = "unzip", "src\pol\unzip\unzip.vcproj", "{7D81D670-7E0A-459C-A1FA-B5B1F3A6603A}"
	ProjectSection(ProjectDependencies) = postProject
	EndProjectSection
EndProject
Project("{8BC9CEB8-8B4A-11D0-8D11-00A0C91BC942}") = "polmis", "src\pol\undercover\undercover.vcproj", "{20D9E77D-68B3-4A5C-B723-994A359FC3C8}"
	ProjectSection(ProjectDependencies) = postProject
		{24E32E31-23CB-4FE4-8B0A-731E88FB6AC7} = {24E32E31-23CB-4FE4-8B0A-731E88FB6AC7}
		{1048C450-2165-4591-B9C3-2575E4B30300} = {1048C450-2165-4591-B9C3-2575E4B30300}
		{308FF35E-614D-436D-A1EF-F72B4D35E90B} = {308FF35E-614D-436D-A1EF-F72B4D35E90B}
		{1527BF68-7A11-40FE-996D-5E025378471C} = {1527BF68-7A11-40FE-996D-5E025378471C}
		{7D81D670-7E0A-459C-A1FA-B5B1F3A6603A} = {7D81D670-7E0A-459C-A1FA-B5B1F3A6603A}
		{B4F4C07D-7063-411C-AA82-2D260CDBD7CF} = {B4F4C07D-7063-411C-AA82-2D260CDBD7CF}
		{D6D2D28C-1D25-4D6E-B0DA-F374EED4BEFA} = {D6D2D28C-1D25-4D6E-B0DA-F374EED4BEFA}
		{30FF0C9A-08EC-4832-8F20-196543F9198B} = {30FF0C9A-08EC-4832-8F20-196543F9198B}
		{6E041DB8-D93E-4893-9FD6-024E9747A09F} = {6E041DB8-D93E-4893-9FD6-024E9747A09F}
		{62A038DC-A2A7-4F1C-8565-0817CBA71FD5} = {62A038DC-A2A7-4F1C-8565-0817CBA71FD5}
		{3281A6DF-067D-43C6-9214-5D2D7CD5B198} = {3281A6DF-067D-43C6-9214-5D2D7CD5B198}
		{8D4058E5-11B3-4002-8426-C62402FE8CA0} = {8D4058E5-11B3-4002-8426-C62402FE8CA0}
		{D4980EF7-0E42-4EF6-A3E3-6CF047EE1C19} = {D4980EF7-0E42-4EF6-A3E3-6CF047EE1C19}
	EndProjectSection
EndProject
Project("{8BC9CEB8-8B4A-11D0-8D11-00A0C91BC942}") = "muffle", "src\shared\muffle\muffle.vcproj", "{1048C450-2165-4591-B9C3-2575E4B30300}"
	ProjectSection(ProjectDependencies) = postProject
	EndProjectSection
EndProject
Global
	GlobalSection(SolutionConfiguration) = preSolution
		Debug = Debug
		Release = Release
	EndGlobalSection
	GlobalSection(ProjectConfiguration) = postSolution
		{30FF0C9A-08EC-4832-8F20-196543F9198B}.Debug.ActiveCfg = Debug|Win32
		{30FF0C9A-08EC-4832-8F20-196543F9198B}.Debug.Build.0 = Debug|Win32
		{30FF0C9A-08EC-4832-8F20-196543F9198B}.Release.ActiveCfg = Release|Win32
		{30FF0C9A-08EC-4832-8F20-196543F9198B}.Release.Build.0 = Release|Win32
		{912EAE69-2694-482C-97AB-6DE648861C9D}.Debug.ActiveCfg = Debug|Win32
		{912EAE69-2694-482C-97AB-6DE648861C9D}.Debug.Build.0 = Debug|Win32
		{912EAE69-2694-482C-97AB-6DE648861C9D}.Release.ActiveCfg = Release|Win32
		{912EAE69-2694-482C-97AB-6DE648861C9D}.Release.Build.0 = Release|Win32
		{D6D2D28C-1D25-4D6E-B0DA-F374EED4BEFA}.Debug.ActiveCfg = Debug|Win32
		{D6D2D28C-1D25-4D6E-B0DA-F374EED4BEFA}.Debug.Build.0 = Debug|Win32
		{D6D2D28C-1D25-4D6E-B0DA-F374EED4BEFA}.Release.ActiveCfg = Release|Win32
		{D6D2D28C-1D25-4D6E-B0DA-F374EED4BEFA}.Release.Build.0 = Release|Win32
		{58B11D74-86FF-40D3-82D3-836236CC08E7}.Debug.ActiveCfg = Debug|Win32
		{58B11D74-86FF-40D3-82D3-836236CC08E7}.Debug.Build.0 = Debug|Win32
		{58B11D74-86FF-40D3-82D3-836236CC08E7}.Release.ActiveCfg = Release|Win32
		{58B11D74-86FF-40D3-82D3-836236CC08E7}.Release.Build.0 = Release|Win32
		{B4F4C07D-7063-411C-AA82-2D260CDBD7CF}.Debug.ActiveCfg = Debug|Win32
		{B4F4C07D-7063-411C-AA82-2D260CDBD7CF}.Debug.Build.0 = Debug|Win32
		{B4F4C07D-7063-411C-AA82-2D260CDBD7CF}.Release.ActiveCfg = Release|Win32
		{B4F4C07D-7063-411C-AA82-2D260CDBD7CF}.Release.Build.0 = Release|Win32
		{C253DB24-B219-4BC9-9367-C7F40B803AA4}.Debug.ActiveCfg = Debug|Win32
		{C253DB24-B219-4BC9-9367-C7F40B803AA4}.Debug.Build.0 = Debug|Win32
		{C253DB24-B219-4BC9-9367-C7F40B803AA4}.Release.ActiveCfg = Release|Win32
		{C253DB24-B219-4BC9-9367-C7F40B803AA4}.Release.Build.0 = Release|Win32
		{8D4058E5-11B3-4002-8426-C62402FE8CA0}.Debug.ActiveCfg = Debug|Win32
		{8D4058E5-11B3-4002-8426-C62402FE8CA0}.Debug.Build.0 = Debug|Win32
		{8D4058E5-11B3-4002-8426-C62402FE8CA0}.Release.ActiveCfg = Release|Win32
		{8D4058E5-11B3-4002-8426-C62402FE8CA0}.Release.Build.0 = Release|Win32
		{308FF35E-614D-436D-A1EF-F72B4D35E90B}.Debug.ActiveCfg = Debug|Win32
		{308FF35E-614D-436D-A1EF-F72B4D35E90B}.Debug.Build.0 = Debug|Win32
		{308FF35E-614D-436D-A1EF-F72B4D35E90B}.Release.ActiveCfg = Release|Win32
		{308FF35E-614D-436D-A1EF-F72B4D35E90B}.Release.Build.0 = Release|Win32
		{62A038DC-A2A7-4F1C-8565-0817CBA71FD5}.Debug.ActiveCfg = Debug|Win32
		{62A038DC-A2A7-4F1C-8565-0817CBA71FD5}.Debug.Build.0 = Debug|Win32
		{62A038DC-A2A7-4F1C-8565-0817CBA71FD5}.Release.ActiveCfg = Release|Win32
		{62A038DC-A2A7-4F1C-8565-0817CBA71FD5}.Release.Build.0 = Release|Win32
		{1527BF68-7A11-40FE-996D-5E025378471C}.Debug.ActiveCfg = Debug|Win32
		{1527BF68-7A11-40FE-996D-5E025378471C}.Debug.Build.0 = Debug|Win32
		{1527BF68-7A11-40FE-996D-5E025378471C}.Release.ActiveCfg = Release|Win32
		{1527BF68-7A11-40FE-996D-5E025378471C}.Release.Build.0 = Release|Win32
		{D4980EF7-0E42-4EF6-A3E3-6CF047EE1C19}.Debug.ActiveCfg = Debug|Win32
		{D4980EF7-0E42-4EF6-A3E3-6CF047EE1C19}.Debug.Build.0 = Debug|Win32
		{D4980EF7-0E42-4EF6-A3E3-6CF047EE1C19}.Release.ActiveCfg = Release|Win32
		{D4980EF7-0E42-4EF6-A3E3-6CF047EE1C19}.Release.Build.0 = Release|Win32
		{9E47B42E-C4F5-4EE1-80A3-8E7DE54FA8E0}.Debug.ActiveCfg = Debug|Win32
		{9E47B42E-C4F5-4EE1-80A3-8E7DE54FA8E0}.Debug.Build.0 = Debug|Win32
		{9E47B42E-C4F5-4EE1-80A3-8E7DE54FA8E0}.Release.ActiveCfg = Release|Win32
		{9E47B42E-C4F5-4EE1-80A3-8E7DE54FA8E0}.Release.Build.0 = Release|Win32
		{3281A6DF-067D-43C6-9214-5D2D7CD5B198}.Debug.ActiveCfg = Debug|Win32
		{3281A6DF-067D-43C6-9214-5D2D7CD5B198}.Debug.Build.0 = Debug|Win32
		{3281A6DF-067D-43C6-9214-5D2D7CD5B198}.Release.ActiveCfg = Release|Win32
		{3281A6DF-067D-43C6-9214-5D2D7CD5B198}.Release.Build.0 = Release|Win32
		{24E32E31-23CB-4FE4-8B0A-731E88FB6AC7}.Debug.ActiveCfg = Debug|Win32
		{24E32E31-23CB-4FE4-8B0A-731E88FB6AC7}.Debug.Build.0 = Debug|Win32
		{24E32E31-23CB-4FE4-8B0A-731E88FB6AC7}.Release.ActiveCfg = Release|Win32
		{24E32E31-23CB-4FE4-8B0A-731E88FB6AC7}.Release.Build.0 = Release|Win32
		{6E041DB8-D93E-4893-9FD6-024E9747A09F}.Debug.ActiveCfg = Debug|Win32
		{6E041DB8-D93E-4893-9FD6-024E9747A09F}.Debug.Build.0 = Debug|Win32
		{6E041DB8-D93E-4893-9FD6-024E9747A09F}.Release.ActiveCfg = Release|Win32
		{6E041DB8-D93E-4893-9FD6-024E9747A09F}.Release.Build.0 = Release|Win32
		{7D81D670-7E0A-459C-A1FA-B5B1F3A6603A}.Debug.ActiveCfg = Debug|Win32
		{7D81D670-7E0A-459C-A1FA-B5B1F3A6603A}.Debug.Build.0 = Debug|Win32
		{7D81D670-7E0A-459C-A1FA-B5B1F3A6603A}.Release.ActiveCfg = Release|Win32
		{7D81D670-7E0A-459C-A1FA-B5B1F3A6603A}.Release.Build.0 = Release|Win32
		{20D9E77D-68B3-4A5C-B723-994A359FC3C8}.Debug.ActiveCfg = Debug|Win32
		{20D9E77D-68B3-4A5C-B723-994A359FC3C8}.Debug.Build.0 = Debug|Win32
		{20D9E77D-68B3-4A5C-B723-994A359FC3C8}.Release.ActiveCfg = Release|Win32
		{20D9E77D-68B3-4A5C-B723-994A359FC3C8}.Release.Build.0 = Release|Win32
		{1048C450-2165-4591-B9C3-2575E4B30300}.Debug.ActiveCfg = Debug|Win32
		{1048C450-2165-4591-B9C3-2575E4B30300}.Debug.Build.0 = Debug|Win32
		{1048C450-2165-4591-B9C3-2575E4B30300}.Release.ActiveCfg = Release|Win32
		{1048C450-2165-4591-B9C3-2575E4B30300}.Release.Build.0 = Release|Win32
	EndGlobalSection
	GlobalSection(SolutionItems) = postSolution
		pol_missions.sconstruct = pol_missions.sconstruct
	EndGlobalSection
	GlobalSection(ExtensibilityGlobals) = postSolution
	EndGlobalSection
	GlobalSection(ExtensibilityAddIns) = postSolution
	EndGlobalSection
EndGlobal
